# THIS IS AN AUTOGENERATED FILE. DO NOT EDIT THIS FILE DIRECTLY.
# yarn lockfile v1


"@prisma/client@^2.26.0":
  version "2.26.0"
  resolved "https://registry.nlark.com/@prisma/client/download/@prisma/client-2.26.0.tgz#a23a83bc5c931243ee20b78d9ded423e158aa4c1"
  integrity sha1-ojqDvFyTEkPuILeNne1CPhWKpME=
  dependencies:
    "@prisma/engines-version" "2.26.0-23.9b816b3aa13cc270074f172f30d6eda8a8ce867d"

"@prisma/engines-version@2.26.0-23.9b816b3aa13cc270074f172f30d6eda8a8ce867d":
  version "2.26.0-23.9b816b3aa13cc270074f172f30d6eda8a8ce867d"
  resolved "https://registry.nlark.com/@prisma/engines-version/download/@prisma/engines-version-2.26.0-23.9b816b3aa13cc270074f172f30d6eda8a8ce867d.tgz#aa707f4496ab92ef1eaf17758274f63b86d2ff9f"
  integrity sha1-qnB/RJarku8erxd1gnT2O4bS/58=

"@prisma/engines@2.26.0-23.9b816b3aa13cc270074f172f30d6eda8a8ce867d":
  version "2.26.0-23.9b816b3aa13cc270074f172f30d6eda8a8ce867d"
  resolved "https://registry.nlark.com/@prisma/engines/download/@prisma/engines-2.26.0-23.9b816b3aa13cc270074f172f30d6eda8a8ce867d.tgz#cfdacfad3acc0f3bf1d7710aa8f3852fd85ac6d9"
  integrity sha1-z9rPrTrMDzvx13EKqPOFL9haxtk=

"@types/node@^14.14.31":
  version "14.17.5"
  resolved "https://registry.nlark.com/@types/node/download/@types/node-14.17.5.tgz?cache=0&sync_timestamp=1625675711917&other_urls=https%3A%2F%2Fregistry.nlark.com%2F%40types%2Fnode%2Fdownload%2F%40types%2Fnode-14.17.5.tgz#b59daf6a7ffa461b5648456ca59050ba8e40ed54"
  integrity sha1-tZ2van/6RhtWSEVspZBQuo5A7VQ=

arg@^4.1.0:
  version "4.1.3"
  resolved "https://registry.npm.taobao.org/arg/download/arg-4.1.3.tgz?cache=0&sync_timestamp=1605575001049&other_urls=https%3A%2F%2Fregistry.npm.taobao.org%2Farg%2Fdownload%2Farg-4.1.3.tgz#269fc7ad5b8e42cb63c896d5666017261c144089"
  integrity sha1-Jp/HrVuOQstjyJbVZmAXJhwUQIk=

buffer-from@^1.0.0:
  version "1.1.1"
  resolved "https://registry.npm.taobao.org/buffer-from/download/buffer-from-1.1.1.tgz#32713bc028f75c02fdb710d7c7bcec1f2c6070ef"
  integrity sha1-MnE7wCj3XAL9txDXx7zsHyxgcO8=

create-require@^1.1.0:
  version "1.1.1"
  resolved "https://registry.npm.taobao.org/create-require/download/create-require-1.1.1.tgz#c1d7e8f1e5f6cfc9ff65f9cd352d37348756c333"
  integrity sha1-wdfo8eX2z8n/ZfnNNS03NIdWwzM=

diff@^4.0.1:
  version "4.0.2"
  resolved "https://registry.nlark.com/diff/download/diff-4.0.2.tgz#60f3aecb89d5fae520c11aa19efc2bb982aade7d"
  integrity sha1-YPOuy4nV+uUgwRqhnvwruYKq3n0=

make-error@^1.1.1:
  version "1.3.6"
  resolved "https://registry.npm.taobao.org/make-error/download/make-error-1.3.6.tgz#2eb2e37ea9b67c4891f684a1394799af484cf7a2"
  integrity sha1-LrLjfqm2fEiR9oShOUeZr0hM96I=

prisma@^2.26.0:
  version "2.26.0"
  resolved "https://registry.nlark.com/prisma/download/prisma-2.26.0.tgz#48f7b8fa166900ae20f2383da711ac8712a56b86"
  integrity sha1-SPe4+hZpAK4g8jg9pxGshxKla4Y=
  dependencies:
    "@prisma/engines" "2.26.0-23.9b816b3aa13cc270074f172f30d6eda8a8ce867d"

source-map-support@^0.5.17:
  version "0.5.19"
  resolved "https://registry.npm.taobao.org/source-map-support/download/source-map-support-0.5.19.tgz?cache=0&other_urls=https%3A%2F%2Fregistry.npm.taobao.org%2Fsource-map-support%2Fdownload%2Fsource-map-support-0.5.19.tgz#a98b62f86dcaf4f67399648c085291ab9e8fed61"
  integrity sha1-qYti+G3K9PZzmWSMCFKRq56P7WE=
  dependencies:
    buffer-from "^1.0.0"
    source-map "^0.6.0"

source-map@^0.6.0:
  version "0.6.1"
  resolved "https://registry.npm.taobao.org/source-map/download/source-map-0.6.1.tgz#74722af32e9614e9c287a8d0bbde48b5e2f1a263"
  integrity sha1-dHIq8y6WFOnCh6jQu95IteLxomM=

ts-node@^9.1.1:
  version "9.1.1"
  resolved "https://registry.nlark.com/ts-node/download/ts-node-9.1.1.tgz#51a9a450a3e959401bda5f004a72d54b936d376d"
  integrity sha1-UamkUKPpWUAb2l8ASnLVS5NtN20=
  dependencies:
    arg "^4.1.0"
    create-require "^1.1.0"
    diff "^4.0.1"
    make-error "^1.1.1"
    source-map-support "^0.5.17"
    yn "3.1.1"

typescript@^4.2.2:
  version "4.3.5"
  resolved "https://registry.nlark.com/typescript/download/typescript-4.3.5.tgz?cache=0&sync_timestamp=1625728721945&other_urls=https%3A%2F%2Fregistry.nlark.com%2Ftypescript%2Fdownload%2Ftypescript-4.3.5.tgz#4d1c37cc16e893973c45a06886b7113234f119f4"
  integrity sha1-TRw3zBbok5c8RaBohrcRMjTxGfQ=

yn@3.1.1:
  version "3.1.1"
  resolved "https://registry.npm.taobao.org/yn/download/yn-3.1.1.tgz#1e87401a09d767c1d5eab26a6e4c185182d2eb50"
  integrity sha1-HodAGgnXZ8HV6rJqbkwYUYLS61A=
